
Microsoft Visual Studio Solution File, Format Version 12.00
# Visual Studio Version 17
VisualStudioVersion = 17.2.32526.322
MinimumVisualStudioVersion = 10.0.40219.1
Project("{FAE04EC0-301F-11D3-BF4B-00C04F79EFBC}") = "ConexcionGestionPedidos", "ConexcionGestionPedidos.csproj", "{AD8E6865-FAA9-4D58-A164-4B2C179AFA1F}"
EndProject
Global
	GlobalSection(SolutionConfigurationPlatforms) = preSolution
		Debug|Any CPU = Debug|Any CPU
		Release|Any CPU = Release|Any CPU
	EndGlobalSection
	GlobalSection(ProjectConfigurationPlatforms) = postSolution
		{AD8E6865-FAA9-4D58-A164-4B2C179AFA1F}.Debug|Any CPU.ActiveCfg = Debug|Any CPU
		{AD8E6865-FAA9-4D58-A164-4B2C179AFA1F}.Debug|Any CPU.Build.0 = Debug|Any CPU
		{AD8E6865-FAA9-4D58-A164-4B2C179AFA1F}.Release|Any CPU.ActiveCfg = Release|Any CPU
		{AD8E6865-FAA9-4D58-A164-4B2C179AFA1F}.Release|Any CPU.Build.0 = Release|Any CPU
	EndGlobalSection
	GlobalSection(SolutionProperties) = preSolution
		HideSolutionNode = FALSE
	EndGlobalSection
	GlobalSection(ExtensibilityGlobals) = postSolution
		SolutionGuid = {188AF410-5945-4146-B585-84846EED5A87}
	EndGlobalSection
EndGlobal
